
Microsoft Visual Studio Solution File, Format Version 12.00
# Visual Studio Version 17
VisualStudioVersion = 17.10.34928.147
MinimumVisualStudioVersion = 10.0.40219.1
Project("{9A19103F-16F7-4668-BE54-9A1E7A4F7556}") = "EtGate.GateApp", "GateApp\EtGate.GateApp.csproj", "{6FF97971-5969-40C4-B53E-016FA60B9324}"
EndProject
Project("{2150E333-8FDC-42A3-9474-1A3956D46DE8}") = "Domain", "Domain", "{4D78BE0D-E5C7-437B-BEB4-D28726C5D2E5}"
EndProject
Project("{9A19103F-16F7-4668-BE54-9A1E7A4F7556}") = "EtGate.Domain", "Domain\EtGate.Domain.csproj", "{7CCBB037-8FF1-455C-8EAA-7DAE836A95C5}"
EndProject
Project("{9A19103F-16F7-4668-BE54-9A1E7A4F7556}") = "EtGate.Domain.Services", "Domain.Services\EtGate.Domain.Services.csproj", "{43912E30-A826-4C85-9F72-9F0C9F41E23E}"
EndProject
Project("{2150E333-8FDC-42A3-9474-1A3956D46DE8}") = "Devices", "Devices", "{37855AD1-F327-4952-A3D1-68E62F4D883C}"
EndProject
Project("{9A19103F-16F7-4668-BE54-9A1E7A4F7556}") = "IER", "IER\IER.csproj", "{B725A6C6-3B9C-4E83-8C7E-F36A442ECD74}"
EndProject
Project("{9A19103F-16F7-4668-BE54-9A1E7A4F7556}") = "EtGate.QrReader", "QrReader\EtGate.QrReader.csproj", "{278899B5-144D-4E51-81FB-53B1E8FC0E2A}"
EndProject
Project("{2150E333-8FDC-42A3-9474-1A3956D46DE8}") = "Infra", "Infra", "{A9CC10FE-C9DB-471C-B472-3864FDA27CB0}"
EndProject
Project("{9A19103F-16F7-4668-BE54-9A1E7A4F7556}") = "EtGate.Infrastructure", "Infrastructure\EtGate.Infrastructure.csproj", "{39A054A3-F51F-4281-99A7-AE3AD44C5020}"
EndProject
Project("{9A19103F-16F7-4668-BE54-9A1E7A4F7556}") = "App", "App\App.csproj", "{268EC1FE-22F6-411C-9663-698171BCDD4D}"
EndProject
Project("{9A19103F-16F7-4668-BE54-9A1E7A4F7556}") = "EtGate.RemoteEvtListenerReverseProxy", "RemoteEvtListenerReverseProxy\EtGate.RemoteEvtListenerReverseProxy.csproj", "{0BA94EA8-F55F-4946-86F4-F1D63A052401}"
EndProject
Project("{2150E333-8FDC-42A3-9474-1A3956D46DE8}") = "RemoteListener", "RemoteListener", "{7454EC2D-CB9F-468D-B0D0-8A8553238F5D}"
EndProject
Project("{9A19103F-16F7-4668-BE54-9A1E7A4F7556}") = "EtGate.RecordsRemoteListener", "RecordsRemoteListener\EtGate.RecordsRemoteListener.csproj", "{D4E33F18-3C27-43E4-8F5C-D1843B21709C}"
EndProject
Project("{2150E333-8FDC-42A3-9474-1A3956D46DE8}") = "Application", "Application", "{579A98DB-89F3-4CEC-ACBE-6F0910CF6EDF}"
EndProject
Project("{9A19103F-16F7-4668-BE54-9A1E7A4F7556}") = "EtGate.RemoteServerDTOs", "RemoteServerDTOs\EtGate.RemoteServerDTOs.csproj", "{DAC5DFFA-1F63-431D-971C-8145A0B044FD}"
EndProject
Project("{2150E333-8FDC-42A3-9474-1A3956D46DE8}") = "Devices", "Devices", "{801DFD9F-8ACC-48E4-8077-982E29B54271}"
EndProject
Project("{9A19103F-16F7-4668-BE54-9A1E7A4F7556}") = "EtGate.IER", "IER2\EtGate.IER.csproj", "{95946C44-1C18-42F6-9188-16C3D17CC52F}"
EndProject
Project("{2150E333-8FDC-42A3-9474-1A3956D46DE8}") = "src", "src", "{04AF3EF2-656A-4474-9416-3EB70A2163F9}"
EndProject
Project("{2150E333-8FDC-42A3-9474-1A3956D46DE8}") = "tests", "tests", "{22E49B18-DBF7-4090-A18B-3F4DBF32A484}"
EndProject
Project("{9A19103F-16F7-4668-BE54-9A1E7A4F7556}") = "EtGate.Domain.Tests", "EtGate.Domain.Tests\EtGate.Domain.Tests.csproj", "{A2344901-1D3B-4710-BBDF-A6DC1B42DA05}"
EndProject
Project("{2150E333-8FDC-42A3-9474-1A3956D46DE8}") = "Dummy", "Dummy", "{7DA039EE-3729-48B1-B052-5DFBA4709381}"
EndProject
Project("{9A19103F-16F7-4668-BE54-9A1E7A4F7556}") = "DummyQrReaderDeviceController", "DummyQrReaderDeviceController\DummyQrReaderDeviceController.csproj", "{BB3D5D48-DF9E-484E-BDF7-D201F803D7ED}"
EndProject
Project("{9A19103F-16F7-4668-BE54-9A1E7A4F7556}") = "Test_QrReaderDeviceController", "Test_DummyQrReaderDeviceController\Test_QrReaderDeviceController.csproj", "{1CB31927-A6E6-4A98-8D1B-21EC4D3451CC}"
EndProject
Project("{2150E333-8FDC-42A3-9474-1A3956D46DE8}") = "UI", "UI", "{191A6E67-BBCA-4B96-8F93-5F65E95D1C69}"
EndProject
Project("{9A19103F-16F7-4668-BE54-9A1E7A4F7556}") = "EtGate.UI", "EtGate.UI\EtGate.UI.csproj", "{EE50FC61-E0CF-439B-A4C9-A2220C68503B}"
EndProject
Project("{2150E333-8FDC-42A3-9474-1A3956D46DE8}") = "DemoTestSetupForPeripheral", "DemoTestSetupForPeripheral", "{BE13DDF8-08A4-4C6F-9405-56A74B719175}"
EndProject
Project("{2150E333-8FDC-42A3-9474-1A3956D46DE8}") = "Simulators", "Simulators", "{63DA6A75-0553-49CF-9314-CB987F8CDA57}"
EndProject
Project("{2150E333-8FDC-42A3-9474-1A3956D46DE8}") = "QrReader", "QrReader", "{F0688A3C-7AB3-432F-931A-907888F08F4E}"
EndProject
Project("{FAE04EC0-301F-11D3-BF4B-00C04F79EFBC}") = "EtGate.QrReader.Proxy", "EtGate.QrReader.Proxy\EtGate.QrReader.Proxy.csproj", "{17DC1902-C9DF-4935-9D25-6173F2D9F598}"
EndProject
Project("{FAE04EC0-301F-11D3-BF4B-00C04F79EFBC}") = "EtGate.Devices.Interfaces", "EtGate.Devices.Interfaces\EtGate.Devices.Interfaces.csproj", "{7AEF705A-6D09-4D11-9936-5168A7E523BA}"
EndProject
Global
	GlobalSection(SolutionConfigurationPlatforms) = preSolution
		Debug|Any CPU = Debug|Any CPU
		Release|Any CPU = Release|Any CPU
	EndGlobalSection
	GlobalSection(ProjectConfigurationPlatforms) = postSolution
		{6FF97971-5969-40C4-B53E-016FA60B9324}.Debug|Any CPU.ActiveCfg = Debug|Any CPU
		{6FF97971-5969-40C4-B53E-016FA60B9324}.Debug|Any CPU.Build.0 = Debug|Any CPU
		{6FF97971-5969-40C4-B53E-016FA60B9324}.Release|Any CPU.ActiveCfg = Release|Any CPU
		{6FF97971-5969-40C4-B53E-016FA60B9324}.Release|Any CPU.Build.0 = Release|Any CPU
		{7CCBB037-8FF1-455C-8EAA-7DAE836A95C5}.Debug|Any CPU.ActiveCfg = Debug|Any CPU
		{7CCBB037-8FF1-455C-8EAA-7DAE836A95C5}.Debug|Any CPU.Build.0 = Debug|Any CPU
		{7CCBB037-8FF1-455C-8EAA-7DAE836A95C5}.Release|Any CPU.ActiveCfg = Release|Any CPU
		{7CCBB037-8FF1-455C-8EAA-7DAE836A95C5}.Release|Any CPU.Build.0 = Release|Any CPU
		{43912E30-A826-4C85-9F72-9F0C9F41E23E}.Debug|Any CPU.ActiveCfg = Debug|Any CPU
		{43912E30-A826-4C85-9F72-9F0C9F41E23E}.Debug|Any CPU.Build.0 = Debug|Any CPU
		{43912E30-A826-4C85-9F72-9F0C9F41E23E}.Release|Any CPU.ActiveCfg = Release|Any CPU
		{43912E30-A826-4C85-9F72-9F0C9F41E23E}.Release|Any CPU.Build.0 = Release|Any CPU
		{B725A6C6-3B9C-4E83-8C7E-F36A442ECD74}.Debug|Any CPU.ActiveCfg = Debug|Any CPU
		{B725A6C6-3B9C-4E83-8C7E-F36A442ECD74}.Debug|Any CPU.Build.0 = Debug|Any CPU
		{B725A6C6-3B9C-4E83-8C7E-F36A442ECD74}.Release|Any CPU.ActiveCfg = Release|Any CPU
		{B725A6C6-3B9C-4E83-8C7E-F36A442ECD74}.Release|Any CPU.Build.0 = Release|Any CPU
		{278899B5-144D-4E51-81FB-53B1E8FC0E2A}.Debug|Any CPU.ActiveCfg = Debug|Any CPU
		{278899B5-144D-4E51-81FB-53B1E8FC0E2A}.Debug|Any CPU.Build.0 = Debug|Any CPU
		{278899B5-144D-4E51-81FB-53B1E8FC0E2A}.Release|Any CPU.ActiveCfg = Release|Any CPU
		{278899B5-144D-4E51-81FB-53B1E8FC0E2A}.Release|Any CPU.Build.0 = Release|Any CPU
		{39A054A3-F51F-4281-99A7-AE3AD44C5020}.Debug|Any CPU.ActiveCfg = Debug|Any CPU
		{39A054A3-F51F-4281-99A7-AE3AD44C5020}.Debug|Any CPU.Build.0 = Debug|Any CPU
		{39A054A3-F51F-4281-99A7-AE3AD44C5020}.Release|Any CPU.ActiveCfg = Release|Any CPU
		{39A054A3-F51F-4281-99A7-AE3AD44C5020}.Release|Any CPU.Build.0 = Release|Any CPU
		{268EC1FE-22F6-411C-9663-698171BCDD4D}.Debug|Any CPU.ActiveCfg = Debug|Any CPU
		{268EC1FE-22F6-411C-9663-698171BCDD4D}.Debug|Any CPU.Build.0 = Debug|Any CPU
		{268EC1FE-22F6-411C-9663-698171BCDD4D}.Release|Any CPU.ActiveCfg = Release|Any CPU
		{268EC1FE-22F6-411C-9663-698171BCDD4D}.Release|Any CPU.Build.0 = Release|Any CPU
		{0BA94EA8-F55F-4946-86F4-F1D63A052401}.Debug|Any CPU.ActiveCfg = Debug|Any CPU
		{0BA94EA8-F55F-4946-86F4-F1D63A052401}.Debug|Any CPU.Build.0 = Debug|Any CPU
		{0BA94EA8-F55F-4946-86F4-F1D63A052401}.Release|Any CPU.ActiveCfg = Release|Any CPU
		{0BA94EA8-F55F-4946-86F4-F1D63A052401}.Release|Any CPU.Build.0 = Release|Any CPU
		{D4E33F18-3C27-43E4-8F5C-D1843B21709C}.Debug|Any CPU.ActiveCfg = Debug|Any CPU
		{D4E33F18-3C27-43E4-8F5C-D1843B21709C}.Debug|Any CPU.Build.0 = Debug|Any CPU
		{D4E33F18-3C27-43E4-8F5C-D1843B21709C}.Release|Any CPU.ActiveCfg = Release|Any CPU
		{D4E33F18-3C27-43E4-8F5C-D1843B21709C}.Release|Any CPU.Build.0 = Release|Any CPU
		{DAC5DFFA-1F63-431D-971C-8145A0B044FD}.Debug|Any CPU.ActiveCfg = Debug|Any CPU
		{DAC5DFFA-1F63-431D-971C-8145A0B044FD}.Debug|Any CPU.Build.0 = Debug|Any CPU
		{DAC5DFFA-1F63-431D-971C-8145A0B044FD}.Release|Any CPU.ActiveCfg = Release|Any CPU
		{DAC5DFFA-1F63-431D-971C-8145A0B044FD}.Release|Any CPU.Build.0 = Release|Any CPU
		{95946C44-1C18-42F6-9188-16C3D17CC52F}.Debug|Any CPU.ActiveCfg = Debug|Any CPU
		{95946C44-1C18-42F6-9188-16C3D17CC52F}.Debug|Any CPU.Build.0 = Debug|Any CPU
		{95946C44-1C18-42F6-9188-16C3D17CC52F}.Release|Any CPU.ActiveCfg = Release|Any CPU
		{95946C44-1C18-42F6-9188-16C3D17CC52F}.Release|Any CPU.Build.0 = Release|Any CPU
		{A2344901-1D3B-4710-BBDF-A6DC1B42DA05}.Debug|Any CPU.ActiveCfg = Debug|Any CPU
		{A2344901-1D3B-4710-BBDF-A6DC1B42DA05}.Debug|Any CPU.Build.0 = Debug|Any CPU
		{A2344901-1D3B-4710-BBDF-A6DC1B42DA05}.Release|Any CPU.ActiveCfg = Release|Any CPU
		{A2344901-1D3B-4710-BBDF-A6DC1B42DA05}.Release|Any CPU.Build.0 = Release|Any CPU
		{BB3D5D48-DF9E-484E-BDF7-D201F803D7ED}.Debug|Any CPU.ActiveCfg = Debug|Any CPU
		{BB3D5D48-DF9E-484E-BDF7-D201F803D7ED}.Debug|Any CPU.Build.0 = Debug|Any CPU
		{BB3D5D48-DF9E-484E-BDF7-D201F803D7ED}.Release|Any CPU.ActiveCfg = Release|Any CPU
		{BB3D5D48-DF9E-484E-BDF7-D201F803D7ED}.Release|Any CPU.Build.0 = Release|Any CPU
		{1CB31927-A6E6-4A98-8D1B-21EC4D3451CC}.Debug|Any CPU.ActiveCfg = Debug|Any CPU
		{1CB31927-A6E6-4A98-8D1B-21EC4D3451CC}.Debug|Any CPU.Build.0 = Debug|Any CPU
		{1CB31927-A6E6-4A98-8D1B-21EC4D3451CC}.Release|Any CPU.ActiveCfg = Release|Any CPU
		{1CB31927-A6E6-4A98-8D1B-21EC4D3451CC}.Release|Any CPU.Build.0 = Release|Any CPU
		{EE50FC61-E0CF-439B-A4C9-A2220C68503B}.Debug|Any CPU.ActiveCfg = Debug|Any CPU
		{EE50FC61-E0CF-439B-A4C9-A2220C68503B}.Debug|Any CPU.Build.0 = Debug|Any CPU
		{EE50FC61-E0CF-439B-A4C9-A2220C68503B}.Release|Any CPU.ActiveCfg = Release|Any CPU
		{EE50FC61-E0CF-439B-A4C9-A2220C68503B}.Release|Any CPU.Build.0 = Release|Any CPU
		{17DC1902-C9DF-4935-9D25-6173F2D9F598}.Debug|Any CPU.ActiveCfg = Debug|Any CPU
		{17DC1902-C9DF-4935-9D25-6173F2D9F598}.Debug|Any CPU.Build.0 = Debug|Any CPU
		{17DC1902-C9DF-4935-9D25-6173F2D9F598}.Release|Any CPU.ActiveCfg = Release|Any CPU
		{17DC1902-C9DF-4935-9D25-6173F2D9F598}.Release|Any CPU.Build.0 = Release|Any CPU
		{7AEF705A-6D09-4D11-9936-5168A7E523BA}.Debug|Any CPU.ActiveCfg = Debug|Any CPU
		{7AEF705A-6D09-4D11-9936-5168A7E523BA}.Debug|Any CPU.Build.0 = Debug|Any CPU
		{7AEF705A-6D09-4D11-9936-5168A7E523BA}.Release|Any CPU.ActiveCfg = Release|Any CPU
		{7AEF705A-6D09-4D11-9936-5168A7E523BA}.Release|Any CPU.Build.0 = Release|Any CPU
	EndGlobalSection
	GlobalSection(SolutionProperties) = preSolution
		HideSolutionNode = FALSE
	EndGlobalSection
	GlobalSection(NestedProjects) = preSolution
		{6FF97971-5969-40C4-B53E-016FA60B9324} = {579A98DB-89F3-4CEC-ACBE-6F0910CF6EDF}
		{4D78BE0D-E5C7-437B-BEB4-D28726C5D2E5} = {04AF3EF2-656A-4474-9416-3EB70A2163F9}
		{7CCBB037-8FF1-455C-8EAA-7DAE836A95C5} = {4D78BE0D-E5C7-437B-BEB4-D28726C5D2E5}
		{43912E30-A826-4C85-9F72-9F0C9F41E23E} = {4D78BE0D-E5C7-437B-BEB4-D28726C5D2E5}
		{37855AD1-F327-4952-A3D1-68E62F4D883C} = {04AF3EF2-656A-4474-9416-3EB70A2163F9}
		{B725A6C6-3B9C-4E83-8C7E-F36A442ECD74} = {37855AD1-F327-4952-A3D1-68E62F4D883C}
		{278899B5-144D-4E51-81FB-53B1E8FC0E2A} = {801DFD9F-8ACC-48E4-8077-982E29B54271}
		{A9CC10FE-C9DB-471C-B472-3864FDA27CB0} = {04AF3EF2-656A-4474-9416-3EB70A2163F9}
		{39A054A3-F51F-4281-99A7-AE3AD44C5020} = {A9CC10FE-C9DB-471C-B472-3864FDA27CB0}
		{0BA94EA8-F55F-4946-86F4-F1D63A052401} = {7454EC2D-CB9F-468D-B0D0-8A8553238F5D}
		{7454EC2D-CB9F-468D-B0D0-8A8553238F5D} = {04AF3EF2-656A-4474-9416-3EB70A2163F9}
		{D4E33F18-3C27-43E4-8F5C-D1843B21709C} = {7454EC2D-CB9F-468D-B0D0-8A8553238F5D}
		{579A98DB-89F3-4CEC-ACBE-6F0910CF6EDF} = {04AF3EF2-656A-4474-9416-3EB70A2163F9}
		{DAC5DFFA-1F63-431D-971C-8145A0B044FD} = {579A98DB-89F3-4CEC-ACBE-6F0910CF6EDF}
		{801DFD9F-8ACC-48E4-8077-982E29B54271} = {A9CC10FE-C9DB-471C-B472-3864FDA27CB0}
		{95946C44-1C18-42F6-9188-16C3D17CC52F} = {801DFD9F-8ACC-48E4-8077-982E29B54271}
		{A2344901-1D3B-4710-BBDF-A6DC1B42DA05} = {22E49B18-DBF7-4090-A18B-3F4DBF32A484}
		{BB3D5D48-DF9E-484E-BDF7-D201F803D7ED} = {BE13DDF8-08A4-4C6F-9405-56A74B719175}
		{1CB31927-A6E6-4A98-8D1B-21EC4D3451CC} = {BE13DDF8-08A4-4C6F-9405-56A74B719175}
		{191A6E67-BBCA-4B96-8F93-5F65E95D1C69} = {04AF3EF2-656A-4474-9416-3EB70A2163F9}
		{EE50FC61-E0CF-439B-A4C9-A2220C68503B} = {191A6E67-BBCA-4B96-8F93-5F65E95D1C69}
		{BE13DDF8-08A4-4C6F-9405-56A74B719175} = {7DA039EE-3729-48B1-B052-5DFBA4709381}
		{F0688A3C-7AB3-432F-931A-907888F08F4E} = {63DA6A75-0553-49CF-9314-CB987F8CDA57}
		{17DC1902-C9DF-4935-9D25-6173F2D9F598} = {F0688A3C-7AB3-432F-931A-907888F08F4E}
		{7AEF705A-6D09-4D11-9936-5168A7E523BA} = {801DFD9F-8ACC-48E4-8077-982E29B54271}
	EndGlobalSection
	GlobalSection(ExtensibilityGlobals) = postSolution
		SolutionGuid = {E7A86E62-3E6F-4D18-A6E7-49FB96533ADC}
	EndGlobalSection
EndGlobal
